
Microsoft Visual Studio Solution File, Format Version 12.00
# Visual Studio Version 17
VisualStudioVersion = 17.0.31903.59
MinimumVisualStudioVersion = 10.0.40219.1
Project("{2150E333-8FDC-42A3-9474-1A3956D46DE8}") = "src", "src", "{2901391F-472D-48EE-BEF7-E31CA028CE85}"
EndProject
Project("{FAE04EC0-301F-11D3-BF4B-00C04F79EFBC}") = "SSSP.Api", "src\SSSP.Api\SSSP.Api.csproj", "{3883C13A-2292-4885-AC4C-1578AA90D4EB}"
EndProject
Project("{FAE04EC0-301F-11D3-BF4B-00C04F79EFBC}") = "SSSP.Domain", "src\SSSP.Domain\SSSP.Domain.csproj", "{5A859A20-3EF2-4F0F-8486-EB0E941F3A94}"
EndProject
Project("{FAE04EC0-301F-11D3-BF4B-00C04F79EFBC}") = "SSSP.Application", "src\SSSP.Application\SSSP.Application.csproj", "{10499AAF-3DDB-4EBD-990D-38084417AE6D}"
EndProject
Project("{FAE04EC0-301F-11D3-BF4B-00C04F79EFBC}") = "SSSP.Infrastructure", "src\SSSP.Infrastructure\SSSP.Infrastructure.csproj", "{711BEE00-31C8-4A47-810D-6CAB1A8A09F3}"
EndProject
Project("{2150E333-8FDC-42A3-9474-1A3956D46DE8}") = "tests", "tests", "{CD6562D5-F381-4490-A9AB-10B144ED6806}"
EndProject
Project("{FAE04EC0-301F-11D3-BF4B-00C04F79EFBC}") = "SSSP.Api.Tests", "tests\SSSP.Api.Tests\SSSP.Api.Tests.csproj", "{D80B0484-728E-486B-A381-018A6E0C9326}"
EndProject
Project("{FAE04EC0-301F-11D3-BF4B-00C04F79EFBC}") = "SSSP.Application.Tests", "tests\SSSP.Application.Tests\SSSP.Application.Tests.csproj", "{C2479E26-412D-4D51-AB1F-43A3C6A715B7}"
EndProject
Project("{FAE04EC0-301F-11D3-BF4B-00C04F79EFBC}") = "SSSP.Domain.Tests", "tests\SSSP.Domain.Tests\SSSP.Domain.Tests.csproj", "{1A81D631-F679-4761-8557-7F728ECC08C5}"
EndProject
Global
	GlobalSection(SolutionConfigurationPlatforms) = preSolution
		Debug|Any CPU = Debug|Any CPU
		Release|Any CPU = Release|Any CPU
	EndGlobalSection
	GlobalSection(SolutionProperties) = preSolution
		HideSolutionNode = FALSE
	EndGlobalSection
	GlobalSection(ProjectConfigurationPlatforms) = postSolution
		{3883C13A-2292-4885-AC4C-1578AA90D4EB}.Debug|Any CPU.ActiveCfg = Debug|Any CPU
		{3883C13A-2292-4885-AC4C-1578AA90D4EB}.Debug|Any CPU.Build.0 = Debug|Any CPU
		{3883C13A-2292-4885-AC4C-1578AA90D4EB}.Release|Any CPU.ActiveCfg = Release|Any CPU
		{3883C13A-2292-4885-AC4C-1578AA90D4EB}.Release|Any CPU.Build.0 = Release|Any CPU
		{5A859A20-3EF2-4F0F-8486-EB0E941F3A94}.Debug|Any CPU.ActiveCfg = Debug|Any CPU
		{5A859A20-3EF2-4F0F-8486-EB0E941F3A94}.Debug|Any CPU.Build.0 = Debug|Any CPU
		{5A859A20-3EF2-4F0F-8486-EB0E941F3A94}.Release|Any CPU.ActiveCfg = Release|Any CPU
		{5A859A20-3EF2-4F0F-8486-EB0E941F3A94}.Release|Any CPU.Build.0 = Release|Any CPU
		{10499AAF-3DDB-4EBD-990D-38084417AE6D}.Debug|Any CPU.ActiveCfg = Debug|Any CPU
		{10499AAF-3DDB-4EBD-990D-38084417AE6D}.Debug|Any CPU.Build.0 = Debug|Any CPU
		{10499AAF-3DDB-4EBD-990D-38084417AE6D}.Release|Any CPU.ActiveCfg = Release|Any CPU
		{10499AAF-3DDB-4EBD-990D-38084417AE6D}.Release|Any CPU.Build.0 = Release|Any CPU
		{711BEE00-31C8-4A47-810D-6CAB1A8A09F3}.Debug|Any CPU.ActiveCfg = Debug|Any CPU
		{711BEE00-31C8-4A47-810D-6CAB1A8A09F3}.Debug|Any CPU.Build.0 = Debug|Any CPU
		{711BEE00-31C8-4A47-810D-6CAB1A8A09F3}.Release|Any CPU.ActiveCfg = Release|Any CPU
		{711BEE00-31C8-4A47-810D-6CAB1A8A09F3}.Release|Any CPU.Build.0 = Release|Any CPU
		{D80B0484-728E-486B-A381-018A6E0C9326}.Debug|Any CPU.ActiveCfg = Debug|Any CPU
		{D80B0484-728E-486B-A381-018A6E0C9326}.Debug|Any CPU.Build.0 = Debug|Any CPU
		{D80B0484-728E-486B-A381-018A6E0C9326}.Release|Any CPU.ActiveCfg = Release|Any CPU
		{D80B0484-728E-486B-A381-018A6E0C9326}.Release|Any CPU.Build.0 = Release|Any CPU
		{C2479E26-412D-4D51-AB1F-43A3C6A715B7}.Debug|Any CPU.ActiveCfg = Debug|Any CPU
		{C2479E26-412D-4D51-AB1F-43A3C6A715B7}.Debug|Any CPU.Build.0 = Debug|Any CPU
		{C2479E26-412D-4D51-AB1F-43A3C6A715B7}.Release|Any CPU.ActiveCfg = Release|Any CPU
		{C2479E26-412D-4D51-AB1F-43A3C6A715B7}.Release|Any CPU.Build.0 = Release|Any CPU
		{1A81D631-F679-4761-8557-7F728ECC08C5}.Debug|Any CPU.ActiveCfg = Debug|Any CPU
		{1A81D631-F679-4761-8557-7F728ECC08C5}.Debug|Any CPU.Build.0 = Debug|Any CPU
		{1A81D631-F679-4761-8557-7F728ECC08C5}.Release|Any CPU.ActiveCfg = Release|Any CPU
		{1A81D631-F679-4761-8557-7F728ECC08C5}.Release|Any CPU.Build.0 = Release|Any CPU
	EndGlobalSection
	GlobalSection(NestedProjects) = preSolution
		{3883C13A-2292-4885-AC4C-1578AA90D4EB} = {2901391F-472D-48EE-BEF7-E31CA028CE85}
		{5A859A20-3EF2-4F0F-8486-EB0E941F3A94} = {2901391F-472D-48EE-BEF7-E31CA028CE85}
		{10499AAF-3DDB-4EBD-990D-38084417AE6D} = {2901391F-472D-48EE-BEF7-E31CA028CE85}
		{711BEE00-31C8-4A47-810D-6CAB1A8A09F3} = {2901391F-472D-48EE-BEF7-E31CA028CE85}
		{D80B0484-728E-486B-A381-018A6E0C9326} = {CD6562D5-F381-4490-A9AB-10B144ED6806}
		{C2479E26-412D-4D51-AB1F-43A3C6A715B7} = {CD6562D5-F381-4490-A9AB-10B144ED6806}
		{1A81D631-F679-4761-8557-7F728ECC08C5} = {CD6562D5-F381-4490-A9AB-10B144ED6806}
	EndGlobalSection
EndGlobal
